
Microsoft Visual Studio Solution File, Format Version 12.00
# Visual Studio for Mac
Project("{FAE04EC0-301F-11D3-BF4B-00C04F79EFBC}") = "Assembly-CSharp-firstpass", "Assembly-CSharp-firstpass.csproj", "{AF81C656-543E-E1B3-1584-922A31C1FA34}"
EndProject
Project("{FAE04EC0-301F-11D3-BF4B-00C04F79EFBC}") = "Assembly-CSharp", "Assembly-CSharp.csproj", "{04A47921-331F-088C-DFBB-437F39101C84}"
EndProject
Project("{FAE04EC0-301F-11D3-BF4B-00C04F79EFBC}") = "Assembly-CSharp-Editor", "Assembly-CSharp-Editor.csproj", "{ECC6F26C-2CB9-061D-17C2-9E7C8165A14E}"
EndProject
Global
	GlobalSection(SolutionConfigurationPlatforms) = preSolution
		Debug|Any CPU = Debug|Any CPU
		Release|Any CPU = Release|Any CPU
	EndGlobalSection
	GlobalSection(ProjectConfigurationPlatforms) = postSolution
		{AF81C656-543E-E1B3-1584-922A31C1FA34}.Debug|Any CPU.ActiveCfg = Debug|Any CPU
		{AF81C656-543E-E1B3-1584-922A31C1FA34}.Debug|Any CPU.Build.0 = Debug|Any CPU
		{AF81C656-543E-E1B3-1584-922A31C1FA34}.Release|Any CPU.ActiveCfg = Release|Any CPU
		{AF81C656-543E-E1B3-1584-922A31C1FA34}.Release|Any CPU.Build.0 = Release|Any CPU
		{04A47921-331F-088C-DFBB-437F39101C84}.Debug|Any CPU.ActiveCfg = Debug|Any CPU
		{04A47921-331F-088C-DFBB-437F39101C84}.Debug|Any CPU.Build.0 = Debug|Any CPU
		{04A47921-331F-088C-DFBB-437F39101C84}.Release|Any CPU.ActiveCfg = Release|Any CPU
		{04A47921-331F-088C-DFBB-437F39101C84}.Release|Any CPU.Build.0 = Release|Any CPU
		{ECC6F26C-2CB9-061D-17C2-9E7C8165A14E}.Debug|Any CPU.ActiveCfg = Debug|Any CPU
		{ECC6F26C-2CB9-061D-17C2-9E7C8165A14E}.Debug|Any CPU.Build.0 = Debug|Any CPU
		{ECC6F26C-2CB9-061D-17C2-9E7C8165A14E}.Release|Any CPU.ActiveCfg = Release|Any CPU
		{ECC6F26C-2CB9-061D-17C2-9E7C8165A14E}.Release|Any CPU.Build.0 = Release|Any CPU
	EndGlobalSection
	GlobalSection(SolutionProperties) = preSolution
		HideSolutionNode = FALSE
	EndGlobalSection
EndGlobal
